
Microsoft Visual Studio Solution File, Format Version 12.00
Project("{FAE04EC0-301F-11D3-BF4B-00C04F79EFBC}") = "mrlldd.Caching", "mrlldd.Caching\mrlldd.Caching.csproj", "{A662A21F-B995-4219-9B1B-12542A838737}"
EndProject
Project("{FAE04EC0-301F-11D3-BF4B-00C04F79EFBC}") = "mrlldd.Caching.Tests", "mrlldd.Caching.Tests\mrlldd.Caching.Tests.csproj", "{E69B505D-87E2-4344-BBB1-5EC2ED228AE2}"
EndProject
Project("{FAE04EC0-301F-11D3-BF4B-00C04F79EFBC}") = "mrlldd.Caching.Abstractions", "mrlldd.Caching.Abstractions\mrlldd.Caching.Abstractions.csproj", "{3D0983FA-4A58-46FD-BFDF-51DA2BE1C0E9}"
EndProject
Project("{FAE04EC0-301F-11D3-BF4B-00C04F79EFBC}") = "mrlldd.Caching.Logging", "mrlldd.Caching.Logging\mrlldd.Caching.Logging.csproj", "{2CF89982-7CA3-4119-A259-3498740153CD}"
EndProject
Project("{2150E333-8FDC-42A3-9474-1A3956D46DE8}") = "Decorators", "Decorators", "{7ECF3D6B-C2E0-40E9-85D9-7B3218E4DF4E}"
EndProject
Project("{2150E333-8FDC-42A3-9474-1A3956D46DE8}") = "Tests", "Tests", "{F52D93D1-9D84-4F96-BE52-C11C2D7A176F}"
EndProject
Project("{2150E333-8FDC-42A3-9474-1A3956D46DE8}") = "Abstractions", "Abstractions", "{19216568-1F5E-4716-A05D-6CD84CEE94E7}"
EndProject
Project("{FAE04EC0-301F-11D3-BF4B-00C04F79EFBC}") = "mrlldd.Caching.Benchmarks", "mrlldd.Caching.Benchmarks\mrlldd.Caching.Benchmarks.csproj", "{79250112-8BB7-43DF-8903-50784B2D9A62}"
EndProject
Project("{2150E333-8FDC-42A3-9474-1A3956D46DE8}") = "Assemblies", "Assemblies", "{314AEA59-639C-48FB-AB91-59A64D6C29C5}"
EndProject
Project("{FAE04EC0-301F-11D3-BF4B-00C04F79EFBC}") = "mrlldd.Caching.Tests.InvalidAssembly", "mrlldd.Caching.Tests.InvalidAssembly\mrlldd.Caching.Tests.InvalidAssembly.csproj", "{93739095-14AF-4BE6-9B95-09E965DFB413}"
EndProject
Project("{2150E333-8FDC-42A3-9474-1A3956D46DE8}") = "Serializers", "Serializers", "{D5FCB62F-CDD5-4379-87CE-66F4D0B287AC}"
EndProject
Project("{FAE04EC0-301F-11D3-BF4B-00C04F79EFBC}") = "mrlldd.Caching.Serializers.NewtonsoftJson", "mrlldd.Caching.Serializers.NewtonsoftJson\mrlldd.Caching.Serializers.NewtonsoftJson.csproj", "{F78CE216-5636-477E-8CE8-4E45CA885E73}"
EndProject
Project("{FAE04EC0-301F-11D3-BF4B-00C04F79EFBC}") = "mrlldd.Caching.Serializers.SystemTextJson", "mrlldd.Caching.Serializers.SystemTextJson\mrlldd.Caching.Serializers.SystemTextJson.csproj", "{84CD356B-D6FB-4106-815B-6D8939A185DD}"
EndProject
Global
	GlobalSection(SolutionConfigurationPlatforms) = preSolution
		Debug|Any CPU = Debug|Any CPU
		Release|Any CPU = Release|Any CPU
	EndGlobalSection
	GlobalSection(ProjectConfigurationPlatforms) = postSolution
		{A662A21F-B995-4219-9B1B-12542A838737}.Debug|Any CPU.ActiveCfg = Debug|Any CPU
		{A662A21F-B995-4219-9B1B-12542A838737}.Debug|Any CPU.Build.0 = Debug|Any CPU
		{A662A21F-B995-4219-9B1B-12542A838737}.Release|Any CPU.ActiveCfg = Release|Any CPU
		{A662A21F-B995-4219-9B1B-12542A838737}.Release|Any CPU.Build.0 = Release|Any CPU
		{E69B505D-87E2-4344-BBB1-5EC2ED228AE2}.Debug|Any CPU.ActiveCfg = Debug|Any CPU
		{E69B505D-87E2-4344-BBB1-5EC2ED228AE2}.Debug|Any CPU.Build.0 = Debug|Any CPU
		{E69B505D-87E2-4344-BBB1-5EC2ED228AE2}.Release|Any CPU.ActiveCfg = Release|Any CPU
		{E69B505D-87E2-4344-BBB1-5EC2ED228AE2}.Release|Any CPU.Build.0 = Release|Any CPU
		{3D0983FA-4A58-46FD-BFDF-51DA2BE1C0E9}.Debug|Any CPU.ActiveCfg = Debug|Any CPU
		{3D0983FA-4A58-46FD-BFDF-51DA2BE1C0E9}.Debug|Any CPU.Build.0 = Debug|Any CPU
		{3D0983FA-4A58-46FD-BFDF-51DA2BE1C0E9}.Release|Any CPU.ActiveCfg = Release|Any CPU
		{3D0983FA-4A58-46FD-BFDF-51DA2BE1C0E9}.Release|Any CPU.Build.0 = Release|Any CPU
		{2CF89982-7CA3-4119-A259-3498740153CD}.Debug|Any CPU.ActiveCfg = Debug|Any CPU
		{2CF89982-7CA3-4119-A259-3498740153CD}.Debug|Any CPU.Build.0 = Debug|Any CPU
		{2CF89982-7CA3-4119-A259-3498740153CD}.Release|Any CPU.ActiveCfg = Release|Any CPU
		{2CF89982-7CA3-4119-A259-3498740153CD}.Release|Any CPU.Build.0 = Release|Any CPU
		{79250112-8BB7-43DF-8903-50784B2D9A62}.Debug|Any CPU.ActiveCfg = Debug|Any CPU
		{79250112-8BB7-43DF-8903-50784B2D9A62}.Debug|Any CPU.Build.0 = Debug|Any CPU
		{79250112-8BB7-43DF-8903-50784B2D9A62}.Release|Any CPU.ActiveCfg = Release|Any CPU
		{79250112-8BB7-43DF-8903-50784B2D9A62}.Release|Any CPU.Build.0 = Release|Any CPU
		{93739095-14AF-4BE6-9B95-09E965DFB413}.Debug|Any CPU.ActiveCfg = Debug|Any CPU
		{93739095-14AF-4BE6-9B95-09E965DFB413}.Debug|Any CPU.Build.0 = Debug|Any CPU
		{93739095-14AF-4BE6-9B95-09E965DFB413}.Release|Any CPU.ActiveCfg = Release|Any CPU
		{93739095-14AF-4BE6-9B95-09E965DFB413}.Release|Any CPU.Build.0 = Release|Any CPU
		{F78CE216-5636-477E-8CE8-4E45CA885E73}.Debug|Any CPU.ActiveCfg = Debug|Any CPU
		{F78CE216-5636-477E-8CE8-4E45CA885E73}.Debug|Any CPU.Build.0 = Debug|Any CPU
		{F78CE216-5636-477E-8CE8-4E45CA885E73}.Release|Any CPU.ActiveCfg = Release|Any CPU
		{F78CE216-5636-477E-8CE8-4E45CA885E73}.Release|Any CPU.Build.0 = Release|Any CPU
		{84CD356B-D6FB-4106-815B-6D8939A185DD}.Debug|Any CPU.ActiveCfg = Debug|Any CPU
		{84CD356B-D6FB-4106-815B-6D8939A185DD}.Debug|Any CPU.Build.0 = Debug|Any CPU
		{84CD356B-D6FB-4106-815B-6D8939A185DD}.Release|Any CPU.ActiveCfg = Release|Any CPU
		{84CD356B-D6FB-4106-815B-6D8939A185DD}.Release|Any CPU.Build.0 = Release|Any CPU
	EndGlobalSection
	GlobalSection(NestedProjects) = preSolution
		{2CF89982-7CA3-4119-A259-3498740153CD} = {7ECF3D6B-C2E0-40E9-85D9-7B3218E4DF4E}
		{E69B505D-87E2-4344-BBB1-5EC2ED228AE2} = {F52D93D1-9D84-4F96-BE52-C11C2D7A176F}
		{3D0983FA-4A58-46FD-BFDF-51DA2BE1C0E9} = {19216568-1F5E-4716-A05D-6CD84CEE94E7}
		{79250112-8BB7-43DF-8903-50784B2D9A62} = {F52D93D1-9D84-4F96-BE52-C11C2D7A176F}
		{314AEA59-639C-48FB-AB91-59A64D6C29C5} = {F52D93D1-9D84-4F96-BE52-C11C2D7A176F}
		{93739095-14AF-4BE6-9B95-09E965DFB413} = {314AEA59-639C-48FB-AB91-59A64D6C29C5}
		{F78CE216-5636-477E-8CE8-4E45CA885E73} = {D5FCB62F-CDD5-4379-87CE-66F4D0B287AC}
		{84CD356B-D6FB-4106-815B-6D8939A185DD} = {D5FCB62F-CDD5-4379-87CE-66F4D0B287AC}
	EndGlobalSection
EndGlobal
